PODS:
  - Capacitor (5.1.1):
    - CapacitorCordova
  - CapacitorCordova (5.1.1)
  - CapacitorPluginIosWebviewConfigurator (0.0.1):
    - Capacitor

DEPENDENCIES:
  - "Capacitor (from `../../node_modules/@capacitor/ios`)"
  - "CapacitorCordova (from `../../node_modules/@capacitor/ios`)"
  - CapacitorPluginIosWebviewConfigurator (from `../../node_modules/capacitor-plugin-ios-webview-configurator`)

EXTERNAL SOURCES:
  Capacitor:
    :path: "../../node_modules/@capacitor/ios"
  CapacitorCordova:
    :path: "../../node_modules/@capacitor/ios"
  CapacitorPluginIosWebviewConfigurator:
    :path: "../../node_modules/capacitor-plugin-ios-webview-configurator"

SPEC CHECKSUMS:
  Capacitor: 55956e1199b63efcd7f2dedffa5c6b9129c45aae
  CapacitorCordova: b31a46ad379c93a5c04e0598a6164e8cb90c2bb2
  CapacitorPluginIosWebviewConfigurator: 4090b21ed635a5676718436bbbf386191d077271

PODFILE CHECKSUM: d8c2f40fd5c679911d895f7560a43fbd586e6e3d

COCOAPODS: 1.12.1
